// !$*UTF8*$!
{
	archiveVersion = 1;
	classes = {
	};
	objectVersion = 46;
	objects = {

/* Begin PBXBuildFile section */
		581245F51CCF47FF00C064D4 /* QYProfileController.m in Sources */ = {isa = PBXBuildFile; fileRef = 581245F41CCF47FF00C064D4 /* QYProfileController.m */; };
		581245F71CCF481800C064D4 /* QYProfile.storyboard in Resources */ = {isa = PBXBuildFile; fileRef = 581245F61CCF481800C064D4 /* QYProfile.storyboard */; };
		581245FD1CCF53BD00C064D4 /* QYAccountInfoController.m in Sources */ = {isa = PBXBuildFile; fileRef = 581245FC1CCF53BD00C064D4 /* QYAccountInfoController.m */; };
		581246001CD09FB200C064D4 /* QYUpdatePhoneController.m in Sources */ = {isa = PBXBuildFile; fileRef = 581245FF1CD09FB200C064D4 /* QYUpdatePhoneController.m */; };
		7C08233B1C9AAE4300C23383 /* QYAudioRecorder.m in Sources */ = {isa = PBXBuildFile; fileRef = 7C08233A1C9AAE4300C23383 /* QYAudioRecorder.m */; };
		7C1834071CCE02C000AC2127 /* QYPhotoBrowserTransition.m in Sources */ = {isa = PBXBuildFile; fileRef = 7C1834061CCE02C000AC2127 /* QYPhotoBrowserTransition.m */; };
		7C30B14E1C995E2A001EF237 /* main.m in Sources */ = {isa = PBXBuildFile; fileRef = 7C30B14D1C995E2A001EF237 /* main.m */; };
		7C30B1511C995E2A001EF237 /* AppDelegate.mm in Sources */ = {isa = PBXBuildFile; fileRef = 7C30B1501C995E2A001EF237 /* AppDelegate.mm */; };
		7C30B1591C995E2A001EF237 /* Assets.xcassets in Resources */ = {isa = PBXBuildFile; fileRef = 7C30B1581C995E2A001EF237 /* Assets.xcassets */; };
		7C30B15C1C995E2A001EF237 /* LaunchScreen.storyboard in Resources */ = {isa = PBXBuildFile; fileRef = 7C30B15A1C995E2A001EF237 /* LaunchScreen.storyboard */; };
		7C30B18C1C996137001EF237 /* QYChatVC.m in Sources */ = {isa = PBXBuildFile; fileRef = 7C30B1661C996137001EF237 /* QYChatVC.m */; };
		7C30B18E1C996137001EF237 /* FaceModel.m in Sources */ = {isa = PBXBuildFile; fileRef = 7C30B16B1C996137001EF237 /* FaceModel.m */; };
		7C30B18F1C996137001EF237 /* QYChatManager.m in Sources */ = {isa = PBXBuildFile; fileRef = 7C30B16E1C996137001EF237 /* QYChatManager.m */; };
		7C30B1901C996137001EF237 /* QYMessageCell.m in Sources */ = {isa = PBXBuildFile; fileRef = 7C30B1721C996137001EF237 /* QYMessageCell.m */; };
		7C30B1921C996137001EF237 /* FaceCell.m in Sources */ = {isa = PBXBuildFile; fileRef = 7C30B1761C996137001EF237 /* FaceCell.m */; };
		7C30B1931C996137001EF237 /* FaceCell.xib in Resources */ = {isa = PBXBuildFile; fileRef = 7C30B1771C996137001EF237 /* FaceCell.xib */; };
		7C30B1941C996137001EF237 /* FacesView.m in Sources */ = {isa = PBXBuildFile; fileRef = 7C30B1791C996137001EF237 /* FacesView.m */; };
		7C30B1951C996137001EF237 /* FacesView.xib in Resources */ = {isa = PBXBuildFile; fileRef = 7C30B17A1C996137001EF237 /* FacesView.xib */; };
		7C30B1961C996137001EF237 /* FunctionView.m in Sources */ = {isa = PBXBuildFile; fileRef = 7C30B17C1C996137001EF237 /* FunctionView.m */; };
		7C30B1971C996137001EF237 /* FunctionView.xib in Resources */ = {isa = PBXBuildFile; fileRef = 7C30B17D1C996137001EF237 /* FunctionView.xib */; };
		7C30B1981C996137001EF237 /* MessageBar.m in Sources */ = {isa = PBXBuildFile; fileRef = 7C30B1801C996137001EF237 /* MessageBar.m */; };
		7C30B1991C996137001EF237 /* MessageBar.xib in Resources */ = {isa = PBXBuildFile; fileRef = 7C30B1811C996137001EF237 /* MessageBar.xib */; };
		7C30B19A1C996137001EF237 /* Faces.plist in Resources */ = {isa = PBXBuildFile; fileRef = 7C30B1851C996137001EF237 /* Faces.plist */; };
		7C30B19B1C996137001EF237 /* NSString+Extension.m in Sources */ = {isa = PBXBuildFile; fileRef = 7C30B1881C996137001EF237 /* NSString+Extension.m */; };
		7C30B19C1C996137001EF237 /* UIView+Extension.m in Sources */ = {isa = PBXBuildFile; fileRef = 7C30B18A1C996137001EF237 /* UIView+Extension.m */; };
		7C3B9AE21CB7B71400C6C30E /* QYUserInfoView.m in Sources */ = {isa = PBXBuildFile; fileRef = 7C3B9AE11CB7B71400C6C30E /* QYUserInfoView.m */; };
		7C45F90F1CCA02AE00F188E0 /* QYPhotoBrowserCell.m in Sources */ = {isa = PBXBuildFile; fileRef = 7C45F90D1CCA02AE00F188E0 /* QYPhotoBrowserCell.m */; };
		7C45F9101CCA02AE00F188E0 /* QYPhotoBrowserCell.xib in Resources */ = {isa = PBXBuildFile; fileRef = 7C45F90E1CCA02AE00F188E0 /* QYPhotoBrowserCell.xib */; };
		7C4BB3A91CA8C28400136C75 /* QYMapVC.m in Sources */ = {isa = PBXBuildFile; fileRef = 7C4BB3A81CA8C28400136C75 /* QYMapVC.m */; };
		7C4BB3AC1CA8C94F00136C75 /* QYMapSearchResultVC.m in Sources */ = {isa = PBXBuildFile; fileRef = 7C4BB3AB1CA8C94F00136C75 /* QYMapSearchResultVC.m */; };
		7C4BB3B11CA8CD2500136C75 /* QYMapAddrCell.m in Sources */ = {isa = PBXBuildFile; fileRef = 7C4BB3AF1CA8CD2500136C75 /* QYMapAddrCell.m */; };
		7C4BB3B21CA8CD2500136C75 /* QYMapAddrCell.xib in Resources */ = {isa = PBXBuildFile; fileRef = 7C4BB3B01CA8CD2500136C75 /* QYMapAddrCell.xib */; };
		7C4CFE6D1CBF2B2100562786 /* users.plist in Resources */ = {isa = PBXBuildFile; fileRef = 7C4CFE6C1CBF2B2100562786 /* users.plist */; };
		7C4CFE711CBF40AF00562786 /* QYChatCell.m in Sources */ = {isa = PBXBuildFile; fileRef = 7C4CFE6F1CBF40AF00562786 /* QYChatCell.m */; };
		7C4CFE721CBF40AF00562786 /* QYChatCell.xib in Resources */ = {isa = PBXBuildFile; fileRef = 7C4CFE701CBF40AF00562786 /* QYChatCell.xib */; };
		7C4D3B8A1CB3F7760040FF73 /* Entrance.storyboard in Resources */ = {isa = PBXBuildFile; fileRef = 7C4D3B891CB3F7760040FF73 /* Entrance.storyboard */; };
		7C4D3B8D1CB3F8160040FF73 /* QYEntranceVC.m in Sources */ = {isa = PBXBuildFile; fileRef = 7C4D3B8C1CB3F8160040FF73 /* QYEntranceVC.m */; };
		7C4D3B901CB3F87D0040FF73 /* QYRegisterVC.m in Sources */ = {isa = PBXBuildFile; fileRef = 7C4D3B8F1CB3F87D0040FF73 /* QYRegisterVC.m */; };
		7C4D3B931CB3F8CC0040FF73 /* QYEditBaseInfoVC.m in Sources */ = {isa = PBXBuildFile; fileRef = 7C4D3B921CB3F8CC0040FF73 /* QYEditBaseInfoVC.m */; };
		7C4E8C081CCB5BB10055E780 /* QYPhotoBrowser.m in Sources */ = {isa = PBXBuildFile; fileRef = 7C4E8C061CCB5BB10055E780 /* QYPhotoBrowser.m */; };
		7C4E8C091CCB5BB10055E780 /* QYPhotoBrowser.xib in Resources */ = {isa = PBXBuildFile; fileRef = 7C4E8C071CCB5BB10055E780 /* QYPhotoBrowser.xib */; };
		7C506FA01CB74C200037EAED /* SDBrowserImageView.m in Sources */ = {isa = PBXBuildFile; fileRef = 7C506F601CB74C200037EAED /* SDBrowserImageView.m */; };
		7C506FA11CB74C200037EAED /* SDPhotoBrowser.m in Sources */ = {isa = PBXBuildFile; fileRef = 7C506F621CB74C200037EAED /* SDPhotoBrowser.m */; };
		7C506FA21CB74C200037EAED /* SDWaitingView.m in Sources */ = {isa = PBXBuildFile; fileRef = 7C506F651CB74C200037EAED /* SDWaitingView.m */; };
		7C506FC11CB761CB0037EAED /* QYAccount.m in Sources */ = {isa = PBXBuildFile; fileRef = 7C506FC01CB761CB0037EAED /* QYAccount.m */; };
		7C506FCC1CB788590037EAED /* QYImagesPicker.m in Sources */ = {isa = PBXBuildFile; fileRef = 7C506FC61CB788590037EAED /* QYImagesPicker.m */; };
		7C506FCD1CB788590037EAED /* QYLocationManager.m in Sources */ = {isa = PBXBuildFile; fileRef = 7C506FC81CB788590037EAED /* QYLocationManager.m */; };
		7C506FCE1CB788590037EAED /* QYNetworkManager.m in Sources */ = {isa = PBXBuildFile; fileRef = 7C506FCA1CB788590037EAED /* QYNetworkManager.m */; };
		7C506FD51CB7B3EA0037EAED /* QYUserInfoView.xib in Resources */ = {isa = PBXBuildFile; fileRef = 7C506FD41CB7B3EA0037EAED /* QYUserInfoView.xib */; };
		7C54E7C11CB5F32400A289A5 /* QYVerifyCodeBtn.m in Sources */ = {isa = PBXBuildFile; fileRef = 7C54E7C01CB5F32400A289A5 /* QYVerifyCodeBtn.m */; };
		7C54E7C41CB67A9900A289A5 /* NSDate+Extension.m in Sources */ = {isa = PBXBuildFile; fileRef = 7C54E7C31CB67A9900A289A5 /* NSDate+Extension.m */; };
		7C567E231C9BDCE700934F5D /* QYLeftMessageCell.xib in Resources */ = {isa = PBXBuildFile; fileRef = 7C567E221C9BDCE700934F5D /* QYLeftMessageCell.xib */; };
		7C567E251C9BDCF400934F5D /* QYRightMessageCell.xib in Resources */ = {isa = PBXBuildFile; fileRef = 7C567E241C9BDCF400934F5D /* QYRightMessageCell.xib */; };
		7C59D9B91CA3E0D6008EF5E9 /* UIImage+Extension.m in Sources */ = {isa = PBXBuildFile; fileRef = 7C59D9B81CA3E0D6008EF5E9 /* UIImage+Extension.m */; };
		7C5FBA961CB4AB8700714310 /* Home.storyboard in Resources */ = {isa = PBXBuildFile; fileRef = 7C5FBA951CB4AB8700714310 /* Home.storyboard */; };
		7C5FBA9C1CB4ACF500714310 /* QYHomeVC.m in Sources */ = {isa = PBXBuildFile; fileRef = 7C5FBA9B1CB4ACF500714310 /* QYHomeVC.m */; };
		7C5FBAA11CB4AD0200714310 /* QYHomeAnimationView.m in Sources */ = {isa = PBXBuildFile; fileRef = 7C5FBA9E1CB4AD0200714310 /* QYHomeAnimationView.m */; };
		7C5FBAA51CB4B32B00714310 /* QYLoginVC.m in Sources */ = {isa = PBXBuildFile; fileRef = 7C5FBAA41CB4B32B00714310 /* QYLoginVC.m */; };
		7C6671E11CB4E78300E7C20A /* QYMenuVC.m in Sources */ = {isa = PBXBuildFile; fileRef = 7C6671E01CB4E78300E7C20A /* QYMenuVC.m */; };
		7C6671E41CB4E79500E7C20A /* QYChatsListVC.m in Sources */ = {isa = PBXBuildFile; fileRef = 7C6671E31CB4E79500E7C20A /* QYChatsListVC.m */; };
		7C6671E61CB4F99500E7C20A /* Settings.storyboard in Resources */ = {isa = PBXBuildFile; fileRef = 7C6671E51CB4F99500E7C20A /* Settings.storyboard */; };
		7C6671E91CB4FDB500E7C20A /* QYSettingsTableVC.m in Sources */ = {isa = PBXBuildFile; fileRef = 7C6671E81CB4FDB500E7C20A /* QYSettingsTableVC.m */; };
		7C67059F1C9F97AB001EDCCE /* QYAudioPlayer.m in Sources */ = {isa = PBXBuildFile; fileRef = 7C67059E1C9F97AB001EDCCE /* QYAudioPlayer.m */; };
		7C7078D31CC3337200CCF7BA /* QYUserStorage.m in Sources */ = {isa = PBXBuildFile; fileRef = 7C7078D11CC3337200CCF7BA /* QYUserStorage.m */; };
		7C719A051CBB3B5300BE5039 /* QYHomeSearchView.m in Sources */ = {isa = PBXBuildFile; fileRef = 7C719A041CBB3B5300BE5039 /* QYHomeSearchView.m */; };
		7C719A0A1CBB3C3F00BE5039 /* QYUserInfo.m in Sources */ = {isa = PBXBuildFile; fileRef = 7C719A091CBB3C3F00BE5039 /* QYUserInfo.m */; };
		7CF813941CB0CF4700CC79E8 /* CategorySuggestions.json in Resources */ = {isa = PBXBuildFile; fileRef = 7CF813921CB0CF4700CC79E8 /* CategorySuggestions.json */; };
		7CF813951CB0CF4700CC79E8 /* countries.json in Resources */ = {isa = PBXBuildFile; fileRef = 7CF813931CB0CF4700CC79E8 /* countries.json */; };
		7CF8139B1CB1435F00CC79E8 /* QYPaopaoView.m in Sources */ = {isa = PBXBuildFile; fileRef = 7CF8139A1CB1435F00CC79E8 /* QYPaopaoView.m */; };
		7CF8139F1CB1437900CC79E8 /* QYPaopaoView.xib in Resources */ = {isa = PBXBuildFile; fileRef = 7CF8139E1CB1437900CC79E8 /* QYPaopaoView.xib */; };
		7CFCF3E41CA266E500ACBD72 /* QYVoiceRecordingView.m in Sources */ = {isa = PBXBuildFile; fileRef = 7CFCF3E31CA266E500ACBD72 /* QYVoiceRecordingView.m */; };
		7CFCF3E61CA266F300ACBD72 /* QYVoiceRecordingView.xib in Resources */ = {isa = PBXBuildFile; fileRef = 7CFCF3E51CA266F300ACBD72 /* QYVoiceRecordingView.xib */; };
		7CFF658F1CAA5EE20068987A /* QYPinAnnotationView.m in Sources */ = {isa = PBXBuildFile; fileRef = 7CFF658E1CAA5EE20068987A /* QYPinAnnotationView.m */; };
		7CFF65921CAA5F160068987A /* QYCurrentAnnotation.m in Sources */ = {isa = PBXBuildFile; fileRef = 7CFF65911CAA5F160068987A /* QYCurrentAnnotation.m */; };
		7CFF65951CAA5FC60068987A /* QYPinAnnotation.m in Sources */ = {isa = PBXBuildFile; fileRef = 7CFF65941CAA5FC60068987A /* QYPinAnnotation.m */; };
		7CFF65981CAA60E30068987A /* QYCurrentAnnotationView.m in Sources */ = {isa = PBXBuildFile; fileRef = 7CFF65971CAA60E30068987A /* QYCurrentAnnotationView.m */; };
		A82706E5D1B4DDF37FEFD89E /* libPods-约吧.a in Frameworks */ = {isa = PBXBuildFile; fileRef = D7509262D99AEEA3966DBF9F /* libPods-约吧.a */; };
/* End PBXBuildFile section */

/* Begin PBXFileReference section */
		53F2D9EEBB9BCB33D6F01085 /* Pods-约吧.debug.xcconfig */ = {isa = PBXFileReference; includeInIndex = 1; lastKnownFileType = text.xcconfig; name = "Pods-约吧.debug.xcconfig"; path = "Pods/Target Support Files/Pods-约吧/Pods-约吧.debug.xcconfig"; sourceTree = "<group>"; };
		581245F31CCF47FF00C064D4 /* QYProfileController.h */ = {isa = PBXFileReference; fileEncoding = 4; lastKnownFileType = sourcecode.c.h; path = QYProfileController.h; sourceTree = "<group>"; };
		581245F41CCF47FF00C064D4 /* QYProfileController.m */ = {isa = PBXFileReference; fileEncoding = 4; lastKnownFileType = sourcecode.c.objc; path = QYProfileController.m; sourceTree = "<group>"; };
		581245F61CCF481800C064D4 /* QYProfile.storyboard */ = {isa = PBXFileReference; fileEncoding = 4; lastKnownFileType = file.storyboard; path = QYProfile.storyboard; sourceTree = "<group>"; };
		581245FB1CCF53BD00C064D4 /* QYAccountInfoController.h */ = {isa = PBXFileReference; fileEncoding = 4; lastKnownFileType = sourcecode.c.h; path = QYAccountInfoController.h; sourceTree = "<group>"; };
		581245FC1CCF53BD00C064D4 /* QYAccountInfoController.m */ = {isa = PBXFileReference; fileEncoding = 4; lastKnownFileType = sourcecode.c.objc; path = QYAccountInfoController.m; sourceTree = "<group>"; };
		581245FE1CD09FB200C064D4 /* QYUpdatePhoneController.h */ = {isa = PBXFileReference; fileEncoding = 4; lastKnownFileType = sourcecode.c.h; path = QYUpdatePhoneController.h; sourceTree = "<group>"; };
		581245FF1CD09FB200C064D4 /* QYUpdatePhoneController.m */ = {isa = PBXFileReference; fileEncoding = 4; lastKnownFileType = sourcecode.c.objc; path = QYUpdatePhoneController.m; sourceTree = "<group>"; };
		7C0823391C9AAE4300C23383 /* QYAudioRecorder.h */ = {isa = PBXFileReference; fileEncoding = 4; lastKnownFileType = sourcecode.c.h; path = QYAudioRecorder.h; sourceTree = "<group>"; };
		7C08233A1C9AAE4300C23383 /* QYAudioRecorder.m */ = {isa = PBXFileReference; fileEncoding = 4; lastKnownFileType = sourcecode.c.objc; path = QYAudioRecorder.m; sourceTree = "<group>"; };
		7C1834051CCE02C000AC2127 /* QYPhotoBrowserTransition.h */ = {isa = PBXFileReference; fileEncoding = 4; lastKnownFileType = sourcecode.c.h; path = QYPhotoBrowserTransition.h; sourceTree = "<group>"; };
		7C1834061CCE02C000AC2127 /* QYPhotoBrowserTransition.m */ = {isa = PBXFileReference; fileEncoding = 4; lastKnownFileType = sourcecode.c.objc; path = QYPhotoBrowserTransition.m; sourceTree = "<group>"; };
		7C30B1491C995E2A001EF237 /* 约吧.app */ = {isa = PBXFileReference; explicitFileType = wrapper.application; includeInIndex = 0; path = "约吧.app"; sourceTree = BUILT_PRODUCTS_DIR; };
		7C30B14D1C995E2A001EF237 /* main.m */ = {isa = PBXFileReference; lastKnownFileType = sourcecode.c.objc; path = main.m; sourceTree = "<group>"; };
		7C30B14F1C995E2A001EF237 /* AppDelegate.h */ = {isa = PBXFileReference; lastKnownFileType = sourcecode.c.h; path = AppDelegate.h; sourceTree = "<group>"; };
		7C30B1501C995E2A001EF237 /* AppDelegate.mm */ = {isa = PBXFileReference; lastKnownFileType = sourcecode.cpp.objcpp; path = AppDelegate.mm; sourceTree = "<group>"; };
		7C30B1581C995E2A001EF237 /* Assets.xcassets */ = {isa = PBXFileReference; lastKnownFileType = folder.assetcatalog; path = Assets.xcassets; sourceTree = "<group>"; };
		7C30B15B1C995E2A001EF237 /* Base */ = {isa = PBXFileReference; lastKnownFileType = file.storyboard; name = Base; path = Base.lproj/LaunchScreen.storyboard; sourceTree = "<group>"; };
		7C30B15D1C995E2A001EF237 /* Info.plist */ = {isa = PBXFileReference; lastKnownFileType = text.plist.xml; path = Info.plist; sourceTree = "<group>"; };
		7C30B1651C996137001EF237 /* QYChatVC.h */ = {isa = PBXFileReference; fileEncoding = 4; lastKnownFileType = sourcecode.c.h; path = QYChatVC.h; sourceTree = "<group>"; };
		7C30B1661C996137001EF237 /* QYChatVC.m */ = {isa = PBXFileReference; fileEncoding = 4; lastKnownFileType = sourcecode.c.objc; path = QYChatVC.m; sourceTree = "<group>"; };
		7C30B16A1C996137001EF237 /* FaceModel.h */ = {isa = PBXFileReference; fileEncoding = 4; lastKnownFileType = sourcecode.c.h; path = FaceModel.h; sourceTree = "<group>"; };
		7C30B16B1C996137001EF237 /* FaceModel.m */ = {isa = PBXFileReference; fileEncoding = 4; lastKnownFileType = sourcecode.c.objc; path = FaceModel.m; sourceTree = "<group>"; };
		7C30B16D1C996137001EF237 /* QYChatManager.h */ = {isa = PBXFileReference; fileEncoding = 4; lastKnownFileType = sourcecode.c.h; path = QYChatManager.h; sourceTree = "<group>"; };
		7C30B16E1C996137001EF237 /* QYChatManager.m */ = {isa = PBXFileReference; fileEncoding = 4; lastKnownFileType = sourcecode.c.objc; path = QYChatManager.m; sourceTree = "<group>"; };
		7C30B1711C996137001EF237 /* QYMessageCell.h */ = {isa = PBXFileReference; fileEncoding = 4; lastKnownFileType = sourcecode.c.h; path = QYMessageCell.h; sourceTree = "<group>"; };
		7C30B1721C996137001EF237 /* QYMessageCell.m */ = {isa = PBXFileReference; fileEncoding = 4; lastKnownFileType = sourcecode.c.objc; path = QYMessageCell.m; sourceTree = "<group>"; };
		7C30B1751C996137001EF237 /* FaceCell.h */ = {isa = PBXFileReference; fileEncoding = 4; lastKnownFileType = sourcecode.c.h; path = FaceCell.h; sourceTree = "<group>"; };
		7C30B1761C996137001EF237 /* FaceCell.m */ = {isa = PBXFileReference; fileEncoding = 4; lastKnownFileType = sourcecode.c.objc; path = FaceCell.m; sourceTree = "<group>"; };
		7C30B1771C996137001EF237 /* FaceCell.xib */ = {isa = PBXFileReference; fileEncoding = 4; lastKnownFileType = file.xib; path = FaceCell.xib; sourceTree = "<group>"; };
		7C30B1781C996137001EF237 /* FacesView.h */ = {isa = PBXFileReference; fileEncoding = 4; lastKnownFileType = sourcecode.c.h; path = FacesView.h; sourceTree = "<group>"; };
		7C30B1791C996137001EF237 /* FacesView.m */ = {isa = PBXFileReference; fileEncoding = 4; lastKnownFileType = sourcecode.c.objc; path = FacesView.m; sourceTree = "<group>"; };
		7C30B17A1C996137001EF237 /* FacesView.xib */ = {isa = PBXFileReference; fileEncoding = 4; lastKnownFileType = file.xib; path = FacesView.xib; sourceTree = "<group>"; };
		7C30B17B1C996137001EF237 /* FunctionView.h */ = {isa = PBXFileReference; fileEncoding = 4; lastKnownFileType = sourcecode.c.h; path = FunctionView.h; sourceTree = "<group>"; };
		7C30B17C1C996137001EF237 /* FunctionView.m */ = {isa = PBXFileReference; fileEncoding = 4; lastKnownFileType = sourcecode.c.objc; path = FunctionView.m; sourceTree = "<group>"; };
		7C30B17D1C996137001EF237 /* FunctionView.xib */ = {isa = PBXFileReference; fileEncoding = 4; lastKnownFileType = file.xib; path = FunctionView.xib; sourceTree = "<group>"; };
		7C30B17F1C996137001EF237 /* MessageBar.h */ = {isa = PBXFileReference; fileEncoding = 4; lastKnownFileType = sourcecode.c.h; path = MessageBar.h; sourceTree = "<group>"; };
		7C30B1801C996137001EF237 /* MessageBar.m */ = {isa = PBXFileReference; fileEncoding = 4; lastKnownFileType = sourcecode.c.objc; path = MessageBar.m; sourceTree = "<group>"; };
		7C30B1811C996137001EF237 /* MessageBar.xib */ = {isa = PBXFileReference; fileEncoding = 4; lastKnownFileType = file.xib; path = MessageBar.xib; sourceTree = "<group>"; };
		7C30B1831C996137001EF237 /* PrefixHeader.pch */ = {isa = PBXFileReference; fileEncoding = 4; lastKnownFileType = sourcecode.c.h; path = PrefixHeader.pch; sourceTree = "<group>"; };
		7C30B1851C996137001EF237 /* Faces.plist */ = {isa = PBXFileReference; fileEncoding = 4; lastKnownFileType = text.plist.xml; path = Faces.plist; sourceTree = "<group>"; };
		7C30B1871C996137001EF237 /* NSString+Extension.h */ = {isa = PBXFileReference; fileEncoding = 4; lastKnownFileType = sourcecode.c.h; path = "NSString+Extension.h"; sourceTree = "<group>"; };
		7C30B1881C996137001EF237 /* NSString+Extension.m */ = {isa = PBXFileReference; fileEncoding = 4; lastKnownFileType = sourcecode.c.objc; path = "NSString+Extension.m"; sourceTree = "<group>"; };
		7C30B1891C996137001EF237 /* UIView+Extension.h */ = {isa = PBXFileReference; fileEncoding = 4; lastKnownFileType = sourcecode.c.h; path = "UIView+Extension.h"; sourceTree = "<group>"; };
		7C30B18A1C996137001EF237 /* UIView+Extension.m */ = {isa = PBXFileReference; fileEncoding = 4; lastKnownFileType = sourcecode.c.objc; path = "UIView+Extension.m"; sourceTree = "<group>"; };
		7C3B9AE01CB7B71400C6C30E /* QYUserInfoView.h */ = {isa = PBXFileReference; fileEncoding = 4; lastKnownFileType = sourcecode.c.h; path = QYUserInfoView.h; sourceTree = "<group>"; };
		7C3B9AE11CB7B71400C6C30E /* QYUserInfoView.m */ = {isa = PBXFileReference; fileEncoding = 4; lastKnownFileType = sourcecode.c.objc; path = QYUserInfoView.m; sourceTree = "<group>"; };
		7C45F90C1CCA02AE00F188E0 /* QYPhotoBrowserCell.h */ = {isa = PBXFileReference; fileEncoding = 4; lastKnownFileType = sourcecode.c.h; path = QYPhotoBrowserCell.h; sourceTree = "<group>"; };
		7C45F90D1CCA02AE00F188E0 /* QYPhotoBrowserCell.m */ = {isa = PBXFileReference; fileEncoding = 4; lastKnownFileType = sourcecode.c.objc; path = QYPhotoBrowserCell.m; sourceTree = "<group>"; };
		7C45F90E1CCA02AE00F188E0 /* QYPhotoBrowserCell.xib */ = {isa = PBXFileReference; fileEncoding = 4; lastKnownFileType = file.xib; path = QYPhotoBrowserCell.xib; sourceTree = "<group>"; };
		7C4BB3A71CA8C28400136C75 /* QYMapVC.h */ = {isa = PBXFileReference; fileEncoding = 4; lastKnownFileType = sourcecode.c.h; path = QYMapVC.h; sourceTree = "<group>"; };
		7C4BB3A81CA8C28400136C75 /* QYMapVC.m */ = {isa = PBXFileReference; fileEncoding = 4; lastKnownFileType = sourcecode.c.objc; path = QYMapVC.m; sourceTree = "<group>"; };
		7C4BB3AA1CA8C94F00136C75 /* QYMapSearchResultVC.h */ = {isa = PBXFileReference; fileEncoding = 4; lastKnownFileType = sourcecode.c.h; path = QYMapSearchResultVC.h; sourceTree = "<group>"; };
		7C4BB3AB1CA8C94F00136C75 /* QYMapSearchResultVC.m */ = {isa = PBXFileReference; fileEncoding = 4; lastKnownFileType = sourcecode.c.objc; path = QYMapSearchResultVC.m; sourceTree = "<group>"; };
		7C4BB3AE1CA8CD2500136C75 /* QYMapAddrCell.h */ = {isa = PBXFileReference; fileEncoding = 4; lastKnownFileType = sourcecode.c.h; path = QYMapAddrCell.h; sourceTree = "<group>"; };
		7C4BB3AF1CA8CD2500136C75 /* QYMapAddrCell.m */ = {isa = PBXFileReference; fileEncoding = 4; lastKnownFileType = sourcecode.c.objc; path = QYMapAddrCell.m; sourceTree = "<group>"; };
		7C4BB3B01CA8CD2500136C75 /* QYMapAddrCell.xib */ = {isa = PBXFileReference; fileEncoding = 4; lastKnownFileType = file.xib; path = QYMapAddrCell.xib; sourceTree = "<group>"; };
		7C4CFE6C1CBF2B2100562786 /* users.plist */ = {isa = PBXFileReference; fileEncoding = 4; lastKnownFileType = text.plist.xml; path = users.plist; sourceTree = "<group>"; };
		7C4CFE6E1CBF40AF00562786 /* QYChatCell.h */ = {isa = PBXFileReference; fileEncoding = 4; lastKnownFileType = sourcecode.c.h; path = QYChatCell.h; sourceTree = "<group>"; };
		7C4CFE6F1CBF40AF00562786 /* QYChatCell.m */ = {isa = PBXFileReference; fileEncoding = 4; lastKnownFileType = sourcecode.c.objc; path = QYChatCell.m; sourceTree = "<group>"; };
		7C4CFE701CBF40AF00562786 /* QYChatCell.xib */ = {isa = PBXFileReference; fileEncoding = 4; lastKnownFileType = file.xib; path = QYChatCell.xib; sourceTree = "<group>"; };
		7C4D3B891CB3F7760040FF73 /* Entrance.storyboard */ = {isa = PBXFileReference; fileEncoding = 4; lastKnownFileType = file.storyboard; path = Entrance.storyboard; sourceTree = "<group>"; };
		7C4D3B8B1CB3F8160040FF73 /* QYEntranceVC.h */ = {isa = PBXFileReference; fileEncoding = 4; lastKnownFileType = sourcecode.c.h; path = QYEntranceVC.h; sourceTree = "<group>"; };
		7C4D3B8C1CB3F8160040FF73 /* QYEntranceVC.m */ = {isa = PBXFileReference; fileEncoding = 4; lastKnownFileType = sourcecode.c.objc; path = QYEntranceVC.m; sourceTree = "<group>"; };
		7C4D3B8E1CB3F87D0040FF73 /* QYRegisterVC.h */ = {isa = PBXFileReference; fileEncoding = 4; lastKnownFileType = sourcecode.c.h; path = QYRegisterVC.h; sourceTree = "<group>"; };
		7C4D3B8F1CB3F87D0040FF73 /* QYRegisterVC.m */ = {isa = PBXFileReference; fileEncoding = 4; lastKnownFileType = sourcecode.c.objc; path = QYRegisterVC.m; sourceTree = "<group>"; };
		7C4D3B911CB3F8CC0040FF73 /* QYEditBaseInfoVC.h */ = {isa = PBXFileReference; fileEncoding = 4; lastKnownFileType = sourcecode.c.h; path = QYEditBaseInfoVC.h; sourceTree = "<group>"; };
		7C4D3B921CB3F8CC0040FF73 /* QYEditBaseInfoVC.m */ = {isa = PBXFileReference; fileEncoding = 4; lastKnownFileType = sourcecode.c.objc; path = QYEditBaseInfoVC.m; sourceTree = "<group>"; };
		7C4E8C051CCB5BB10055E780 /* QYPhotoBrowser.h */ = {isa = PBXFileReference; fileEncoding = 4; lastKnownFileType = sourcecode.c.h; path = QYPhotoBrowser.h; sourceTree = "<group>"; };
		7C4E8C061CCB5BB10055E780 /* QYPhotoBrowser.m */ = {isa = PBXFileReference; fileEncoding = 4; lastKnownFileType = sourcecode.c.objc; path = QYPhotoBrowser.m; sourceTree = "<group>"; };
		7C4E8C071CCB5BB10055E780 /* QYPhotoBrowser.xib */ = {isa = PBXFileReference; fileEncoding = 4; lastKnownFileType = file.xib; path = QYPhotoBrowser.xib; sourceTree = "<group>"; };
		7C506F5F1CB74C200037EAED /* SDBrowserImageView.h */ = {isa = PBXFileReference; fileEncoding = 4; lastKnownFileType = sourcecode.c.h; path = SDBrowserImageView.h; sourceTree = "<group>"; };
		7C506F601CB74C200037EAED /* SDBrowserImageView.m */ = {isa = PBXFileReference; fileEncoding = 4; lastKnownFileType = sourcecode.c.objc; path = SDBrowserImageView.m; sourceTree = "<group>"; };
		7C506F611CB74C200037EAED /* SDPhotoBrowser.h */ = {isa = PBXFileReference; fileEncoding = 4; lastKnownFileType = sourcecode.c.h; path = SDPhotoBrowser.h; sourceTree = "<group>"; };
		7C506F621CB74C200037EAED /* SDPhotoBrowser.m */ = {isa = PBXFileReference; fileEncoding = 4; lastKnownFileType = sourcecode.c.objc; path = SDPhotoBrowser.m; sourceTree = "<group>"; };
		7C506F631CB74C200037EAED /* SDPhotoBrowserConfig.h */ = {isa = PBXFileReference; fileEncoding = 4; lastKnownFileType = sourcecode.c.h; path = SDPhotoBrowserConfig.h; sourceTree = "<group>"; };
		7C506F641CB74C200037EAED /* SDWaitingView.h */ = {isa = PBXFileReference; fileEncoding = 4; lastKnownFileType = sourcecode.c.h; path = SDWaitingView.h; sourceTree = "<group>"; };
		7C506F651CB74C200037EAED /* SDWaitingView.m */ = {isa = PBXFileReference; fileEncoding = 4; lastKnownFileType = sourcecode.c.objc; path = SDWaitingView.m; sourceTree = "<group>"; };
		7C506FBF1CB761CB0037EAED /* QYAccount.h */ = {isa = PBXFileReference; fileEncoding = 4; lastKnownFileType = sourcecode.c.h; path = QYAccount.h; sourceTree = "<group>"; };
		7C506FC01CB761CB0037EAED /* QYAccount.m */ = {isa = PBXFileReference; fileEncoding = 4; lastKnownFileType = sourcecode.c.objc; path = QYAccount.m; sourceTree = "<group>"; };
		7C506FC51CB788590037EAED /* QYImagesPicker.h */ = {isa = PBXFileReference; fileEncoding = 4; lastKnownFileType = sourcecode.c.h; path = QYImagesPicker.h; sourceTree = "<group>"; };
		7C506FC61CB788590037EAED /* QYImagesPicker.m */ = {isa = PBXFileReference; fileEncoding = 4; lastKnownFileType = sourcecode.c.objc; path = QYImagesPicker.m; sourceTree = "<group>"; };
		7C506FC71CB788590037EAED /* QYLocationManager.h */ = {isa = PBXFileReference; fileEncoding = 4; lastKnownFileType = sourcecode.c.h; path = QYLocationManager.h; sourceTree = "<group>"; };
		7C506FC81CB788590037EAED /* QYLocationManager.m */ = {isa = PBXFileReference; fileEncoding = 4; lastKnownFileType = sourcecode.c.objc; path = QYLocationManager.m; sourceTree = "<group>"; };
		7C506FC91CB788590037EAED /* QYNetworkManager.h */ = {isa = PBXFileReference; fileEncoding = 4; lastKnownFileType = sourcecode.c.h; path = QYNetworkManager.h; sourceTree = "<group>"; };
		7C506FCA1CB788590037EAED /* QYNetworkManager.m */ = {isa = PBXFileReference; fileEncoding = 4; lastKnownFileType = sourcecode.c.objc; path = QYNetworkManager.m; sourceTree = "<group>"; };
		7C506FD41CB7B3EA0037EAED /* QYUserInfoView.xib */ = {isa = PBXFileReference; fileEncoding = 4; lastKnownFileType = file.xib; path = QYUserInfoView.xib; sourceTree = "<group>"; };
		7C54E7BF1CB5F32400A289A5 /* QYVerifyCodeBtn.h */ = {isa = PBXFileReference; fileEncoding = 4; lastKnownFileType = sourcecode.c.h; path = QYVerifyCodeBtn.h; sourceTree = "<group>"; };
		7C54E7C01CB5F32400A289A5 /* QYVerifyCodeBtn.m */ = {isa = PBXFileReference; fileEncoding = 4; lastKnownFileType = sourcecode.c.objc; path = QYVerifyCodeBtn.m; sourceTree = "<group>"; };
		7C54E7C21CB67A9900A289A5 /* NSDate+Extension.h */ = {isa = PBXFileReference; fileEncoding = 4; lastKnownFileType = sourcecode.c.h; path = "NSDate+Extension.h"; sourceTree = "<group>"; };
		7C54E7C31CB67A9900A289A5 /* NSDate+Extension.m */ = {isa = PBXFileReference; fileEncoding = 4; lastKnownFileType = sourcecode.c.objc; path = "NSDate+Extension.m"; sourceTree = "<group>"; };
		7C567E221C9BDCE700934F5D /* QYLeftMessageCell.xib */ = {isa = PBXFileReference; fileEncoding = 4; lastKnownFileType = file.xib; path = QYLeftMessageCell.xib; sourceTree = "<group>"; };
		7C567E241C9BDCF400934F5D /* QYRightMessageCell.xib */ = {isa = PBXFileReference; fileEncoding = 4; lastKnownFileType = file.xib; path = QYRightMessageCell.xib; sourceTree = "<group>"; };
		7C59D9B71CA3E0D6008EF5E9 /* UIImage+Extension.h */ = {isa = PBXFileReference; fileEncoding = 4; lastKnownFileType = sourcecode.c.h; path = "UIImage+Extension.h"; sourceTree = "<group>"; };
		7C59D9B81CA3E0D6008EF5E9 /* UIImage+Extension.m */ = {isa = PBXFileReference; fileEncoding = 4; lastKnownFileType = sourcecode.c.objc; path = "UIImage+Extension.m"; sourceTree = "<group>"; };
		7C5FBA951CB4AB8700714310 /* Home.storyboard */ = {isa = PBXFileReference; fileEncoding = 4; lastKnownFileType = file.storyboard; path = Home.storyboard; sourceTree = "<group>"; };
		7C5FBA9A1CB4ACF500714310 /* QYHomeVC.h */ = {isa = PBXFileReference; fileEncoding = 4; lastKnownFileType = sourcecode.c.h; path = QYHomeVC.h; sourceTree = "<group>"; };
		7C5FBA9B1CB4ACF500714310 /* QYHomeVC.m */ = {isa = PBXFileReference; fileEncoding = 4; lastKnownFileType = sourcecode.c.objc; path = QYHomeVC.m; sourceTree = "<group>"; };
		7C5FBA9D1CB4AD0200714310 /* QYHomeAnimationView.h */ = {isa = PBXFileReference; fileEncoding = 4; lastKnownFileType = sourcecode.c.h; path = QYHomeAnimationView.h; sourceTree = "<group>"; };
		7C5FBA9E1CB4AD0200714310 /* QYHomeAnimationView.m */ = {isa = PBXFileReference; fileEncoding = 4; lastKnownFileType = sourcecode.c.objc; path = QYHomeAnimationView.m; sourceTree = "<group>"; };
		7C5FBAA31CB4B32B00714310 /* QYLoginVC.h */ = {isa = PBXFileReference; fileEncoding = 4; lastKnownFileType = sourcecode.c.h; path = QYLoginVC.h; sourceTree = "<group>"; };
		7C5FBAA41CB4B32B00714310 /* QYLoginVC.m */ = {isa = PBXFileReference; fileEncoding = 4; lastKnownFileType = sourcecode.c.objc; path = QYLoginVC.m; sourceTree = "<group>"; };
		7C6671DF1CB4E78300E7C20A /* QYMenuVC.h */ = {isa = PBXFileReference; fileEncoding = 4; lastKnownFileType = sourcecode.c.h; path = QYMenuVC.h; sourceTree = "<group>"; };
		7C6671E01CB4E78300E7C20A /* QYMenuVC.m */ = {isa = PBXFileReference; fileEncoding = 4; lastKnownFileType = sourcecode.c.objc; path = QYMenuVC.m; sourceTree = "<group>"; };
		7C6671E21CB4E79500E7C20A /* QYChatsListVC.h */ = {isa = PBXFileReference; fileEncoding = 4; lastKnownFileType = sourcecode.c.h; path = QYChatsListVC.h; sourceTree = "<group>"; };
		7C6671E31CB4E79500E7C20A /* QYChatsListVC.m */ = {isa = PBXFileReference; fileEncoding = 4; lastKnownFileType = sourcecode.c.objc; path = QYChatsListVC.m; sourceTree = "<group>"; };
		7C6671E51CB4F99500E7C20A /* Settings.storyboard */ = {isa = PBXFileReference; fileEncoding = 4; lastKnownFileType = file.storyboard; path = Settings.storyboard; sourceTree = "<group>"; };
		7C6671E71CB4FDB500E7C20A /* QYSettingsTableVC.h */ = {isa = PBXFileReference; fileEncoding = 4; lastKnownFileType = sourcecode.c.h; path = QYSettingsTableVC.h; sourceTree = "<group>"; };
		7C6671E81CB4FDB500E7C20A /* QYSettingsTableVC.m */ = {isa = PBXFileReference; fileEncoding = 4; lastKnownFileType = sourcecode.c.objc; path = QYSettingsTableVC.m; sourceTree = "<group>"; };
		7C67059D1C9F97AB001EDCCE /* QYAudioPlayer.h */ = {isa = PBXFileReference; fileEncoding = 4; lastKnownFileType = sourcecode.c.h; path = QYAudioPlayer.h; sourceTree = "<group>"; };
		7C67059E1C9F97AB001EDCCE /* QYAudioPlayer.m */ = {isa = PBXFileReference; fileEncoding = 4; lastKnownFileType = sourcecode.c.objc; path = QYAudioPlayer.m; sourceTree = "<group>"; };
		7C7078D01CC3337200CCF7BA /* QYUserStorage.h */ = {isa = PBXFileReference; fileEncoding = 4; lastKnownFileType = sourcecode.c.h; path = QYUserStorage.h; sourceTree = "<group>"; };
		7C7078D11CC3337200CCF7BA /* QYUserStorage.m */ = {isa = PBXFileReference; fileEncoding = 4; lastKnownFileType = sourcecode.c.objc; path = QYUserStorage.m; sourceTree = "<group>"; };
		7C719A031CBB3B5300BE5039 /* QYHomeSearchView.h */ = {isa = PBXFileReference; fileEncoding = 4; lastKnownFileType = sourcecode.c.h; path = QYHomeSearchView.h; sourceTree = "<group>"; };
		7C719A041CBB3B5300BE5039 /* QYHomeSearchView.m */ = {isa = PBXFileReference; fileEncoding = 4; lastKnownFileType = sourcecode.c.objc; path = QYHomeSearchView.m; sourceTree = "<group>"; };
		7C719A081CBB3C3F00BE5039 /* QYUserInfo.h */ = {isa = PBXFileReference; fileEncoding = 4; lastKnownFileType = sourcecode.c.h; path = QYUserInfo.h; sourceTree = "<group>"; };
		7C719A091CBB3C3F00BE5039 /* QYUserInfo.m */ = {isa = PBXFileReference; fileEncoding = 4; lastKnownFileType = sourcecode.c.objc; path = QYUserInfo.m; sourceTree = "<group>"; };
		7C719A0B1CBB559500BE5039 /* Location.gpx */ = {isa = PBXFileReference; lastKnownFileType = text.xml; path = Location.gpx; sourceTree = "<group>"; };
		7CF813921CB0CF4700CC79E8 /* CategorySuggestions.json */ = {isa = PBXFileReference; fileEncoding = 4; lastKnownFileType = text.json; path = CategorySuggestions.json; sourceTree = "<group>"; };
		7CF813931CB0CF4700CC79E8 /* countries.json */ = {isa = PBXFileReference; fileEncoding = 4; lastKnownFileType = text.json; path = countries.json; sourceTree = "<group>"; };
		7CF813991CB1435F00CC79E8 /* QYPaopaoView.h */ = {isa = PBXFileReference; fileEncoding = 4; lastKnownFileType = sourcecode.c.h; path = QYPaopaoView.h; sourceTree = "<group>"; };
		7CF8139A1CB1435F00CC79E8 /* QYPaopaoView.m */ = {isa = PBXFileReference; fileEncoding = 4; lastKnownFileType = sourcecode.c.objc; path = QYPaopaoView.m; sourceTree = "<group>"; };
		7CF8139E1CB1437900CC79E8 /* QYPaopaoView.xib */ = {isa = PBXFileReference; fileEncoding = 4; lastKnownFileType = file.xib; path = QYPaopaoView.xib; sourceTree = "<group>"; };
		7CFCF3E21CA266E500ACBD72 /* QYVoiceRecordingView.h */ = {isa = PBXFileReference; fileEncoding = 4; lastKnownFileType = sourcecode.c.h; path = QYVoiceRecordingView.h; sourceTree = "<group>"; };
		7CFCF3E31CA266E500ACBD72 /* QYVoiceRecordingView.m */ = {isa = PBXFileReference; fileEncoding = 4; lastKnownFileType = sourcecode.c.objc; path = QYVoiceRecordingView.m; sourceTree = "<group>"; };
		7CFCF3E51CA266F300ACBD72 /* QYVoiceRecordingView.xib */ = {isa = PBXFileReference; fileEncoding = 4; lastKnownFileType = file.xib; path = QYVoiceRecordingView.xib; sourceTree = "<group>"; };
		7CFF658D1CAA5EE20068987A /* QYPinAnnotationView.h */ = {isa = PBXFileReference; fileEncoding = 4; lastKnownFileType = sourcecode.c.h; path = QYPinAnnotationView.h; sourceTree = "<group>"; };
		7CFF658E1CAA5EE20068987A /* QYPinAnnotationView.m */ = {isa = PBXFileReference; fileEncoding = 4; lastKnownFileType = sourcecode.c.objc; path = QYPinAnnotationView.m; sourceTree = "<group>"; };
		7CFF65901CAA5F160068987A /* QYCurrentAnnotation.h */ = {isa = PBXFileReference; fileEncoding = 4; lastKnownFileType = sourcecode.c.h; path = QYCurrentAnnotation.h; sourceTree = "<group>"; };
		7CFF65911CAA5F160068987A /* QYCurrentAnnotation.m */ = {isa = PBXFileReference; fileEncoding = 4; lastKnownFileType = sourcecode.c.objc; path = QYCurrentAnnotation.m; sourceTree = "<group>"; };
		7CFF65931CAA5FC60068987A /* QYPinAnnotation.h */ = {isa = PBXFileReference; fileEncoding = 4; lastKnownFileType = sourcecode.c.h; path = QYPinAnnotation.h; sourceTree = "<group>"; };
		7CFF65941CAA5FC60068987A /* QYPinAnnotation.m */ = {isa = PBXFileReference; fileEncoding = 4; lastKnownFileType = sourcecode.c.objc; path = QYPinAnnotation.m; sourceTree = "<group>"; };
		7CFF65961CAA60E30068987A /* QYCurrentAnnotationView.h */ = {isa = PBXFileReference; fileEncoding = 4; lastKnownFileType = sourcecode.c.h; path = QYCurrentAnnotationView.h; sourceTree = "<group>"; };
		7CFF65971CAA60E30068987A /* QYCurrentAnnotationView.m */ = {isa = PBXFileReference; fileEncoding = 4; lastKnownFileType = sourcecode.c.objc; path = QYCurrentAnnotationView.m; sourceTree = "<group>"; };
		C4B4DDE55AD1823E540511F1 /* Pods-约吧.release.xcconfig */ = {isa = PBXFileReference; includeInIndex = 1; lastKnownFileType = text.xcconfig; name = "Pods-约吧.release.xcconfig"; path = "Pods/Target Support Files/Pods-约吧/Pods-约吧.release.xcconfig"; sourceTree = "<group>"; };
		D7509262D99AEEA3966DBF9F /* libPods-约吧.a */ = {isa = PBXFileReference; explicitFileType = archive.ar; includeInIndex = 0; path = "libPods-约吧.a"; sourceTree = BUILT_PRODUCTS_DIR; };
/* End PBXFileReference section */

/* Begin PBXFrameworksBuildPhase section */
		7C30B1461C995E2A001EF237 /* Frameworks */ = {
			isa = PBXFrameworksBuildPhase;
			buildActionMask = 2147483647;
			files = (
				A82706E5D1B4DDF37FEFD89E /* libPods-约吧.a in Frameworks */,
			);
			runOnlyForDeploymentPostprocessing = 0;
		};
/* End PBXFrameworksBuildPhase section */

/* Begin PBXGroup section */
		581245EF1CCF477F00C064D4 /* Profile */ = {
			isa = PBXGroup;
			children = (
				581245F01CCF47B900C064D4 /* Controllers */,
				581245F11CCF47B900C064D4 /* Models */,
				581245F21CCF47B900C064D4 /* Views */,
			);
			path = Profile;
			sourceTree = "<group>";
		};
		581245F01CCF47B900C064D4 /* Controllers */ = {
			isa = PBXGroup;
			children = (
				581245F31CCF47FF00C064D4 /* QYProfileController.h */,
				581245F41CCF47FF00C064D4 /* QYProfileController.m */,
				581245FB1CCF53BD00C064D4 /* QYAccountInfoController.h */,
				581245FC1CCF53BD00C064D4 /* QYAccountInfoController.m */,
				581245FE1CD09FB200C064D4 /* QYUpdatePhoneController.h */,
				581245FF1CD09FB200C064D4 /* QYUpdatePhoneController.m */,
			);
			path = Controllers;
			sourceTree = "<group>";
		};
		581245F11CCF47B900C064D4 /* Models */ = {
			isa = PBXGroup;
			children = (
			);
			path = Models;
			sourceTree = "<group>";
		};
		581245F21CCF47B900C064D4 /* Views */ = {
			isa = PBXGroup;
			children = (
				581245F61CCF481800C064D4 /* QYProfile.storyboard */,
			);
			path = Views;
			sourceTree = "<group>";
		};
		7C30B1401C995E29001EF237 = {
			isa = PBXGroup;
			children = (
				7C30B14B1C995E2A001EF237 /* 约吧 */,
				7C30B14A1C995E2A001EF237 /* Products */,
				8EDB157A77C66D558AEF62F9 /* Pods */,
				88918AC8105DF815D0DAE53A /* Frameworks */,
			);
			sourceTree = "<group>";
		};
		7C30B14A1C995E2A001EF237 /* Products */ = {
			isa = PBXGroup;
			children = (
				7C30B1491C995E2A001EF237 /* 约吧.app */,
			);
			name = Products;
			sourceTree = "<group>";
		};
		7C30B14B1C995E2A001EF237 /* 约吧 */ = {
			isa = PBXGroup;
			children = (
				581245EF1CCF477F00C064D4 /* Profile */,
				7C506FC21CB788590037EAED /* Protocols */,
				7C8A39F71CB3F6E90008C6E6 /* Entrance */,
				7C8A39FB1CB3F6E90008C6E6 /* Home */,
				7C8A39FF1CB3F6E90008C6E6 /* Settings */,
				7C30B1631C996137001EF237 /* Chat */,
				7C30B1841C996137001EF237 /* Sources */,
				7C30B1861C996137001EF237 /* Utilities */,
				7C30B18B1C996137001EF237 /* Vendors */,
				7C30B1821C996137001EF237 /* Common */,
				7C30B14F1C995E2A001EF237 /* AppDelegate.h */,
				7C30B1501C995E2A001EF237 /* AppDelegate.mm */,
				7C30B1581C995E2A001EF237 /* Assets.xcassets */,
				7C30B15A1C995E2A001EF237 /* LaunchScreen.storyboard */,
				7C30B15D1C995E2A001EF237 /* Info.plist */,
				7C30B14C1C995E2A001EF237 /* Supporting Files */,
				7C719A0B1CBB559500BE5039 /* Location.gpx */,
				7C4CFE6C1CBF2B2100562786 /* users.plist */,
			);
			path = "约吧";
			sourceTree = "<group>";
		};
		7C30B14C1C995E2A001EF237 /* Supporting Files */ = {
			isa = PBXGroup;
			children = (
				7C30B14D1C995E2A001EF237 /* main.m */,
			);
			name = "Supporting Files";
			sourceTree = "<group>";
		};
		7C30B1631C996137001EF237 /* Chat */ = {
			isa = PBXGroup;
			children = (
				7C30B1641C996137001EF237 /* Controllers */,
				7C30B1691C996137001EF237 /* Models */,
				7C30B16C1C996137001EF237 /* Protocols */,
				7C30B16F1C996137001EF237 /* Views */,
			);
			path = Chat;
			sourceTree = "<group>";
		};
		7C30B1641C996137001EF237 /* Controllers */ = {
			isa = PBXGroup;
			children = (
				7C30B1651C996137001EF237 /* QYChatVC.h */,
				7C30B1661C996137001EF237 /* QYChatVC.m */,
				7C4BB3A71CA8C28400136C75 /* QYMapVC.h */,
				7C4BB3A81CA8C28400136C75 /* QYMapVC.m */,
				7C4BB3AA1CA8C94F00136C75 /* QYMapSearchResultVC.h */,
				7C4BB3AB1CA8C94F00136C75 /* QYMapSearchResultVC.m */,
				7C4E8C051CCB5BB10055E780 /* QYPhotoBrowser.h */,
				7C4E8C061CCB5BB10055E780 /* QYPhotoBrowser.m */,
				7C4E8C071CCB5BB10055E780 /* QYPhotoBrowser.xib */,
			);
			path = Controllers;
			sourceTree = "<group>";
		};
		7C30B1691C996137001EF237 /* Models */ = {
			isa = PBXGroup;
			children = (
				7C30B16A1C996137001EF237 /* FaceModel.h */,
				7C30B16B1C996137001EF237 /* FaceModel.m */,
				7CFF65901CAA5F160068987A /* QYCurrentAnnotation.h */,
				7CFF65911CAA5F160068987A /* QYCurrentAnnotation.m */,
				7CFF65931CAA5FC60068987A /* QYPinAnnotation.h */,
				7CFF65941CAA5FC60068987A /* QYPinAnnotation.m */,
			);
			path = Models;
			sourceTree = "<group>";
		};
		7C30B16C1C996137001EF237 /* Protocols */ = {
			isa = PBXGroup;
			children = (
				7C1834051CCE02C000AC2127 /* QYPhotoBrowserTransition.h */,
				7C1834061CCE02C000AC2127 /* QYPhotoBrowserTransition.m */,
				7C30B16D1C996137001EF237 /* QYChatManager.h */,
				7C30B16E1C996137001EF237 /* QYChatManager.m */,
				7C0823391C9AAE4300C23383 /* QYAudioRecorder.h */,
				7C08233A1C9AAE4300C23383 /* QYAudioRecorder.m */,
				7C67059D1C9F97AB001EDCCE /* QYAudioPlayer.h */,
				7C67059E1C9F97AB001EDCCE /* QYAudioPlayer.m */,
			);
			path = Protocols;
			sourceTree = "<group>";
		};
		7C30B16F1C996137001EF237 /* Views */ = {
			isa = PBXGroup;
			children = (
				7C30B1701C996137001EF237 /* ChatMainViews */,
				7C30B1741C996137001EF237 /* CustomKeyboardViews */,
				7C30B17E1C996137001EF237 /* ToolView */,
				7C4BB3AD1CA8CCB300136C75 /* MapViews */,
			);
			path = Views;
			sourceTree = "<group>";
		};
		7C30B1701C996137001EF237 /* ChatMainViews */ = {
			isa = PBXGroup;
			children = (
				7C30B1711C996137001EF237 /* QYMessageCell.h */,
				7C30B1721C996137001EF237 /* QYMessageCell.m */,
				7C567E221C9BDCE700934F5D /* QYLeftMessageCell.xib */,
				7C567E241C9BDCF400934F5D /* QYRightMessageCell.xib */,
				7CFCF3E21CA266E500ACBD72 /* QYVoiceRecordingView.h */,
				7CFCF3E31CA266E500ACBD72 /* QYVoiceRecordingView.m */,
				7CFCF3E51CA266F300ACBD72 /* QYVoiceRecordingView.xib */,
				7C45F90C1CCA02AE00F188E0 /* QYPhotoBrowserCell.h */,
				7C45F90D1CCA02AE00F188E0 /* QYPhotoBrowserCell.m */,
				7C45F90E1CCA02AE00F188E0 /* QYPhotoBrowserCell.xib */,
			);
			path = ChatMainViews;
			sourceTree = "<group>";
		};
		7C30B1741C996137001EF237 /* CustomKeyboardViews */ = {
			isa = PBXGroup;
			children = (
				7C30B1751C996137001EF237 /* FaceCell.h */,
				7C30B1761C996137001EF237 /* FaceCell.m */,
				7C30B1771C996137001EF237 /* FaceCell.xib */,
				7C30B1781C996137001EF237 /* FacesView.h */,
				7C30B1791C996137001EF237 /* FacesView.m */,
				7C30B17A1C996137001EF237 /* FacesView.xib */,
				7C30B17B1C996137001EF237 /* FunctionView.h */,
				7C30B17C1C996137001EF237 /* FunctionView.m */,
				7C30B17D1C996137001EF237 /* FunctionView.xib */,
			);
			path = CustomKeyboardViews;
			sourceTree = "<group>";
		};
		7C30B17E1C996137001EF237 /* ToolView */ = {
			isa = PBXGroup;
			children = (
				7C30B17F1C996137001EF237 /* MessageBar.h */,
				7C30B1801C996137001EF237 /* MessageBar.m */,
				7C30B1811C996137001EF237 /* MessageBar.xib */,
			);
			path = ToolView;
			sourceTree = "<group>";
		};
		7C30B1821C996137001EF237 /* Common */ = {
			isa = PBXGroup;
			children = (
				7C30B1831C996137001EF237 /* PrefixHeader.pch */,
			);
			path = Common;
			sourceTree = "<group>";
		};
		7C30B1841C996137001EF237 /* Sources */ = {
			isa = PBXGroup;
			children = (
				7C30B1851C996137001EF237 /* Faces.plist */,
				7CF813921CB0CF4700CC79E8 /* CategorySuggestions.json */,
				7CF813931CB0CF4700CC79E8 /* countries.json */,
			);
			path = Sources;
			sourceTree = "<group>";
		};
		7C30B1861C996137001EF237 /* Utilities */ = {
			isa = PBXGroup;
			children = (
				7C30B1871C996137001EF237 /* NSString+Extension.h */,
				7C30B1881C996137001EF237 /* NSString+Extension.m */,
				7C30B1891C996137001EF237 /* UIView+Extension.h */,
				7C30B18A1C996137001EF237 /* UIView+Extension.m */,
				7C59D9B71CA3E0D6008EF5E9 /* UIImage+Extension.h */,
				7C59D9B81CA3E0D6008EF5E9 /* UIImage+Extension.m */,
				7C54E7C21CB67A9900A289A5 /* NSDate+Extension.h */,
				7C54E7C31CB67A9900A289A5 /* NSDate+Extension.m */,
			);
			path = Utilities;
			sourceTree = "<group>";
		};
		7C30B18B1C996137001EF237 /* Vendors */ = {
			isa = PBXGroup;
			children = (
				7C506F5E1CB74C200037EAED /* SDPhotoBrowser */,
			);
			path = Vendors;
			sourceTree = "<group>";
		};
		7C4BB3AD1CA8CCB300136C75 /* MapViews */ = {
			isa = PBXGroup;
			children = (
				7C4BB3AE1CA8CD2500136C75 /* QYMapAddrCell.h */,
				7C4BB3AF1CA8CD2500136C75 /* QYMapAddrCell.m */,
				7C4BB3B01CA8CD2500136C75 /* QYMapAddrCell.xib */,
				7CFF65961CAA60E30068987A /* QYCurrentAnnotationView.h */,
				7CFF65971CAA60E30068987A /* QYCurrentAnnotationView.m */,
				7CFF658D1CAA5EE20068987A /* QYPinAnnotationView.h */,
				7CFF658E1CAA5EE20068987A /* QYPinAnnotationView.m */,
				7CF813991CB1435F00CC79E8 /* QYPaopaoView.h */,
				7CF8139A1CB1435F00CC79E8 /* QYPaopaoView.m */,
				7CF8139E1CB1437900CC79E8 /* QYPaopaoView.xib */,
			);
			name = MapViews;
			sourceTree = "<group>";
		};
		7C506F5E1CB74C200037EAED /* SDPhotoBrowser */ = {
			isa = PBXGroup;
			children = (
				7C506F5F1CB74C200037EAED /* SDBrowserImageView.h */,
				7C506F601CB74C200037EAED /* SDBrowserImageView.m */,
				7C506F611CB74C200037EAED /* SDPhotoBrowser.h */,
				7C506F621CB74C200037EAED /* SDPhotoBrowser.m */,
				7C506F631CB74C200037EAED /* SDPhotoBrowserConfig.h */,
				7C506F641CB74C200037EAED /* SDWaitingView.h */,
				7C506F651CB74C200037EAED /* SDWaitingView.m */,
			);
			name = SDPhotoBrowser;
			path = "SDPhotoBrowser-master/SDPhotoBrowser/SDPhotoBrowser";
			sourceTree = "<group>";
		};
		7C506FC21CB788590037EAED /* Protocols */ = {
			isa = PBXGroup;
			children = (
				7C506FC51CB788590037EAED /* QYImagesPicker.h */,
				7C506FC61CB788590037EAED /* QYImagesPicker.m */,
				7C506FC71CB788590037EAED /* QYLocationManager.h */,
				7C506FC81CB788590037EAED /* QYLocationManager.m */,
				7C506FC91CB788590037EAED /* QYNetworkManager.h */,
				7C506FCA1CB788590037EAED /* QYNetworkManager.m */,
			);
			path = Protocols;
			sourceTree = "<group>";
		};
		7C7078CD1CC3334A00CCF7BA /* Storage */ = {
			isa = PBXGroup;
			children = (
				7C7078D01CC3337200CCF7BA /* QYUserStorage.h */,
				7C7078D11CC3337200CCF7BA /* QYUserStorage.m */,
			);
			path = Storage;
			sourceTree = "<group>";
		};
		7C8A39F71CB3F6E90008C6E6 /* Entrance */ = {
			isa = PBXGroup;
			children = (
				7C8A39F81CB3F6E90008C6E6 /* Controllers */,
				7C8A39F91CB3F6E90008C6E6 /* Models */,
				7C8A39FA1CB3F6E90008C6E6 /* Views */,
			);
			path = Entrance;
			sourceTree = "<group>";
		};
		7C8A39F81CB3F6E90008C6E6 /* Controllers */ = {
			isa = PBXGroup;
			children = (
				7C4D3B8B1CB3F8160040FF73 /* QYEntranceVC.h */,
				7C4D3B8C1CB3F8160040FF73 /* QYEntranceVC.m */,
				7C4D3B8E1CB3F87D0040FF73 /* QYRegisterVC.h */,
				7C4D3B8F1CB3F87D0040FF73 /* QYRegisterVC.m */,
				7C4D3B911CB3F8CC0040FF73 /* QYEditBaseInfoVC.h */,
				7C4D3B921CB3F8CC0040FF73 /* QYEditBaseInfoVC.m */,
				7C5FBAA31CB4B32B00714310 /* QYLoginVC.h */,
				7C5FBAA41CB4B32B00714310 /* QYLoginVC.m */,
			);
			path = Controllers;
			sourceTree = "<group>";
		};
		7C8A39F91CB3F6E90008C6E6 /* Models */ = {
			isa = PBXGroup;
			children = (
				7C506FBF1CB761CB0037EAED /* QYAccount.h */,
				7C506FC01CB761CB0037EAED /* QYAccount.m */,
				7C719A081CBB3C3F00BE5039 /* QYUserInfo.h */,
				7C719A091CBB3C3F00BE5039 /* QYUserInfo.m */,
			);
			path = Models;
			sourceTree = "<group>";
		};
		7C8A39FA1CB3F6E90008C6E6 /* Views */ = {
			isa = PBXGroup;
			children = (
				7C4D3B891CB3F7760040FF73 /* Entrance.storyboard */,
				7C54E7BF1CB5F32400A289A5 /* QYVerifyCodeBtn.h */,
				7C54E7C01CB5F32400A289A5 /* QYVerifyCodeBtn.m */,
			);
			path = Views;
			sourceTree = "<group>";
		};
		7C8A39FB1CB3F6E90008C6E6 /* Home */ = {
			isa = PBXGroup;
			children = (
				7C7078CD1CC3334A00CCF7BA /* Storage */,
				7C8A39FC1CB3F6E90008C6E6 /* Controllers */,
				7C8A39FD1CB3F6E90008C6E6 /* Models */,
				7C8A39FE1CB3F6E90008C6E6 /* Views */,
			);
			path = Home;
			sourceTree = "<group>";
		};
		7C8A39FC1CB3F6E90008C6E6 /* Controllers */ = {
			isa = PBXGroup;
			children = (
				7C5FBA9A1CB4ACF500714310 /* QYHomeVC.h */,
				7C5FBA9B1CB4ACF500714310 /* QYHomeVC.m */,
				7C6671DF1CB4E78300E7C20A /* QYMenuVC.h */,
				7C6671E01CB4E78300E7C20A /* QYMenuVC.m */,
				7C6671E21CB4E79500E7C20A /* QYChatsListVC.h */,
				7C6671E31CB4E79500E7C20A /* QYChatsListVC.m */,
			);
			path = Controllers;
			sourceTree = "<group>";
		};
		7C8A39FD1CB3F6E90008C6E6 /* Models */ = {
			isa = PBXGroup;
			children = (
			);
			path = Models;
			sourceTree = "<group>";
		};
		7C8A39FE1CB3F6E90008C6E6 /* Views */ = {
			isa = PBXGroup;
			children = (
				7C5FBA951CB4AB8700714310 /* Home.storyboard */,
				7C719A031CBB3B5300BE5039 /* QYHomeSearchView.h */,
				7C719A041CBB3B5300BE5039 /* QYHomeSearchView.m */,
				7C5FBA9D1CB4AD0200714310 /* QYHomeAnimationView.h */,
				7C5FBA9E1CB4AD0200714310 /* QYHomeAnimationView.m */,
				7C3B9AE01CB7B71400C6C30E /* QYUserInfoView.h */,
				7C3B9AE11CB7B71400C6C30E /* QYUserInfoView.m */,
				7C506FD41CB7B3EA0037EAED /* QYUserInfoView.xib */,
				7C4CFE6E1CBF40AF00562786 /* QYChatCell.h */,
				7C4CFE6F1CBF40AF00562786 /* QYChatCell.m */,
				7C4CFE701CBF40AF00562786 /* QYChatCell.xib */,
			);
			path = Views;
			sourceTree = "<group>";
		};
		7C8A39FF1CB3F6E90008C6E6 /* Settings */ = {
			isa = PBXGroup;
			children = (
				7C8A3A001CB3F6E90008C6E6 /* Controllers */,
				7C8A3A011CB3F6E90008C6E6 /* Models */,
				7C8A3A021CB3F6E90008C6E6 /* Views */,
			);
			path = Settings;
			sourceTree = "<group>";
		};
		7C8A3A001CB3F6E90008C6E6 /* Controllers */ = {
			isa = PBXGroup;
			children = (
				7C6671E71CB4FDB500E7C20A /* QYSettingsTableVC.h */,
				7C6671E81CB4FDB500E7C20A /* QYSettingsTableVC.m */,
			);
			path = Controllers;
			sourceTree = "<group>";
		};
		7C8A3A011CB3F6E90008C6E6 /* Models */ = {
			isa = PBXGroup;
			children = (
			);
			path = Models;
			sourceTree = "<group>";
		};
		7C8A3A021CB3F6E90008C6E6 /* Views */ = {
			isa = PBXGroup;
			children = (
				7C6671E51CB4F99500E7C20A /* Settings.storyboard */,
			);
			path = Views;
			sourceTree = "<group>";
		};
		88918AC8105DF815D0DAE53A /* Frameworks */ = {
			isa = PBXGroup;
			children = (
				D7509262D99AEEA3966DBF9F /* libPods-约吧.a */,
			);
			name = Frameworks;
			sourceTree = "<group>";
		};
		8EDB157A77C66D558AEF62F9 /* Pods */ = {
			isa = PBXGroup;
			children = (
				53F2D9EEBB9BCB33D6F01085 /* Pods-约吧.debug.xcconfig */,
				C4B4DDE55AD1823E540511F1 /* Pods-约吧.release.xcconfig */,
			);
			name = Pods;
			sourceTree = "<group>";
		};
/* End PBXGroup section */

/* Begin PBXNativeTarget section */
		7C30B1481C995E2A001EF237 /* 约吧 */ = {
			isa = PBXNativeTarget;
			buildConfigurationList = 7C30B1601C995E2A001EF237 /* Build configuration list for PBXNativeTarget "约吧" */;
			buildPhases = (
				684B926AE75D787C6C5EE240 /* Check Pods Manifest.lock */,
				7C30B1451C995E2A001EF237 /* Sources */,
				7C30B1461C995E2A001EF237 /* Frameworks */,
				7C30B1471C995E2A001EF237 /* Resources */,
				1C73CC6240B66DCC111A29B8 /* Embed Pods Frameworks */,
				520DAEFCFDC1BA9F3EA0AB87 /* Copy Pods Resources */,
			);
			buildRules = (
			);
			dependencies = (
			);
			name = "约吧";
			productName = "约吧";
			productReference = 7C30B1491C995E2A001EF237 /* 约吧.app */;
			productType = "com.apple.product-type.application";
		};
/* End PBXNativeTarget section */

/* Begin PBXProject section */
		7C30B1411C995E29001EF237 /* Project object */ = {
			isa = PBXProject;
			attributes = {
				LastUpgradeCheck = 0720;
				ORGANIZATIONNAME = "云菲";
				TargetAttributes = {
					7C30B1481C995E2A001EF237 = {
						CreatedOnToolsVersion = 7.2;
						DevelopmentTeam = 843QHT5Q54;
					};
				};
			};
			buildConfigurationList = 7C30B1441C995E29001EF237 /* Build configuration list for PBXProject "约吧" */;
			compatibilityVersion = "Xcode 3.2";
			developmentRegion = English;
			hasScannedForEncodings = 0;
			knownRegions = (
				en,
				Base,
			);
			mainGroup = 7C30B1401C995E29001EF237;
			productRefGroup = 7C30B14A1C995E2A001EF237 /* Products */;
			projectDirPath = "";
			projectRoot = "";
			targets = (
				7C30B1481C995E2A001EF237 /* 约吧 */,
			);
		};
/* End PBXProject section */

/* Begin PBXResourcesBuildPhase section */
		7C30B1471C995E2A001EF237 /* Resources */ = {
			isa = PBXResourcesBuildPhase;
			buildActionMask = 2147483647;
			files = (
				7C30B15C1C995E2A001EF237 /* LaunchScreen.storyboard in Resources */,
				7C4BB3B21CA8CD2500136C75 /* QYMapAddrCell.xib in Resources */,
				7C4CFE721CBF40AF00562786 /* QYChatCell.xib in Resources */,
				7C4E8C091CCB5BB10055E780 /* QYPhotoBrowser.xib in Resources */,
				7C30B1991C996137001EF237 /* MessageBar.xib in Resources */,
				7C567E251C9BDCF400934F5D /* QYRightMessageCell.xib in Resources */,
				7C5FBA961CB4AB8700714310 /* Home.storyboard in Resources */,
				7CF813941CB0CF4700CC79E8 /* CategorySuggestions.json in Resources */,
				7CF8139F1CB1437900CC79E8 /* QYPaopaoView.xib in Resources */,
				7C30B1591C995E2A001EF237 /* Assets.xcassets in Resources */,
				7C30B1971C996137001EF237 /* FunctionView.xib in Resources */,
				7CFCF3E61CA266F300ACBD72 /* QYVoiceRecordingView.xib in Resources */,
				581245F71CCF481800C064D4 /* QYProfile.storyboard in Resources */,
				7C30B1931C996137001EF237 /* FaceCell.xib in Resources */,
				7C4CFE6D1CBF2B2100562786 /* users.plist in Resources */,
				7C4D3B8A1CB3F7760040FF73 /* Entrance.storyboard in Resources */,
				7C30B19A1C996137001EF237 /* Faces.plist in Resources */,
				7C506FD51CB7B3EA0037EAED /* QYUserInfoView.xib in Resources */,
				7C45F9101CCA02AE00F188E0 /* QYPhotoBrowserCell.xib in Resources */,
				7C567E231C9BDCE700934F5D /* QYLeftMessageCell.xib in Resources */,
				7C6671E61CB4F99500E7C20A /* Settings.storyboard in Resources */,
				7CF813951CB0CF4700CC79E8 /* countries.json in Resources */,
				7C30B1951C996137001EF237 /* FacesView.xib in Resources */,
			);
			runOnlyForDeploymentPostprocessing = 0;
		};
/* End PBXResourcesBuildPhase section */

/* Begin PBXShellScriptBuildPhase section */
		1C73CC6240B66DCC111A29B8 /* Embed Pods Frameworks */ = {
			isa = PBXShellScriptBuildPhase;
			buildActionMask = 2147483647;
			files = (
			);
			inputPaths = (
			);
			name = "Embed Pods Frameworks";
			outputPaths = (
			);
			runOnlyForDeploymentPostprocessing = 0;
			shellPath = /bin/sh;
			shellScript = "\"${SRCROOT}/Pods/Target Support Files/Pods-约吧/Pods-约吧-frameworks.sh\"\n";
			showEnvVarsInLog = 0;
		};
		520DAEFCFDC1BA9F3EA0AB87 /* Copy Pods Resources */ = {
			isa = PBXShellScriptBuildPhase;
			buildActionMask = 2147483647;
			files = (
			);
			inputPaths = (
			);
			name = "Copy Pods Resources";
			outputPaths = (
			);
			runOnlyForDeploymentPostprocessing = 0;
			shellPath = /bin/sh;
			shellScript = "\"${SRCROOT}/Pods/Target Support Files/Pods-约吧/Pods-约吧-resources.sh\"\n";
			showEnvVarsInLog = 0;
		};
		684B926AE75D787C6C5EE240 /* Check Pods Manifest.lock */ = {
			isa = PBXShellScriptBuildPhase;
			buildActionMask = 2147483647;
			files = (
			);
			inputPaths = (
			);
			name = "Check Pods Manifest.lock";
			outputPaths = (
			);
			runOnlyForDeploymentPostprocessing = 0;
			shellPath = /bin/sh;
			shellScript = "diff \"${PODS_ROOT}/../Podfile.lock\" \"${PODS_ROOT}/Manifest.lock\" > /dev/null\nif [[ $? != 0 ]] ; then\n    cat << EOM\nerror: The sandbox is not in sync with the Podfile.lock. Run 'pod install' or update your CocoaPods installation.\nEOM\n    exit 1\nfi\n";
			showEnvVarsInLog = 0;
		};
/* End PBXShellScriptBuildPhase section */

/* Begin PBXSourcesBuildPhase section */
		7C30B1451C995E2A001EF237 /* Sources */ = {
			isa = PBXSourcesBuildPhase;
			buildActionMask = 2147483647;
			files = (
				7C5FBAA11CB4AD0200714310 /* QYHomeAnimationView.m in Sources */,
				7C5FBAA51CB4B32B00714310 /* QYLoginVC.m in Sources */,
				7C5FBA9C1CB4ACF500714310 /* QYHomeVC.m in Sources */,
				7C506FCE1CB788590037EAED /* QYNetworkManager.m in Sources */,
				7C4D3B8D1CB3F8160040FF73 /* QYEntranceVC.m in Sources */,
				7C4D3B931CB3F8CC0040FF73 /* QYEditBaseInfoVC.m in Sources */,
				7C30B1511C995E2A001EF237 /* AppDelegate.mm in Sources */,
				7C719A051CBB3B5300BE5039 /* QYHomeSearchView.m in Sources */,
				7C4BB3AC1CA8C94F00136C75 /* QYMapSearchResultVC.m in Sources */,
				7C30B19C1C996137001EF237 /* UIView+Extension.m in Sources */,
				7C30B1901C996137001EF237 /* QYMessageCell.m in Sources */,
				7C719A0A1CBB3C3F00BE5039 /* QYUserInfo.m in Sources */,
				7CFF65951CAA5FC60068987A /* QYPinAnnotation.m in Sources */,
				7C54E7C41CB67A9900A289A5 /* NSDate+Extension.m in Sources */,
				581246001CD09FB200C064D4 /* QYUpdatePhoneController.m in Sources */,
				7C30B1981C996137001EF237 /* MessageBar.m in Sources */,
				7C08233B1C9AAE4300C23383 /* QYAudioRecorder.m in Sources */,
				7C30B18E1C996137001EF237 /* FaceModel.m in Sources */,
				7C67059F1C9F97AB001EDCCE /* QYAudioPlayer.m in Sources */,
				7C506FCC1CB788590037EAED /* QYImagesPicker.m in Sources */,
				7C30B1961C996137001EF237 /* FunctionView.m in Sources */,
				7C4BB3A91CA8C28400136C75 /* QYMapVC.m in Sources */,
				7C30B1921C996137001EF237 /* FaceCell.m in Sources */,
				7C506FCD1CB788590037EAED /* QYLocationManager.m in Sources */,
				7C4D3B901CB3F87D0040FF73 /* QYRegisterVC.m in Sources */,
				7C3B9AE21CB7B71400C6C30E /* QYUserInfoView.m in Sources */,
				7CFF658F1CAA5EE20068987A /* QYPinAnnotationView.m in Sources */,
				7C506FA21CB74C200037EAED /* SDWaitingView.m in Sources */,
				7C6671E11CB4E78300E7C20A /* QYMenuVC.m in Sources */,
				7C6671E91CB4FDB500E7C20A /* QYSettingsTableVC.m in Sources */,
				7C30B19B1C996137001EF237 /* NSString+Extension.m in Sources */,
				7C1834071CCE02C000AC2127 /* QYPhotoBrowserTransition.m in Sources */,
				7C7078D31CC3337200CCF7BA /* QYUserStorage.m in Sources */,
				7C30B14E1C995E2A001EF237 /* main.m in Sources */,
				7C4E8C081CCB5BB10055E780 /* QYPhotoBrowser.m in Sources */,
				7C506FA01CB74C200037EAED /* SDBrowserImageView.m in Sources */,
				7C59D9B91CA3E0D6008EF5E9 /* UIImage+Extension.m in Sources */,
				7C506FC11CB761CB0037EAED /* QYAccount.m in Sources */,
				7C6671E41CB4E79500E7C20A /* QYChatsListVC.m in Sources */,
				7CFCF3E41CA266E500ACBD72 /* QYVoiceRecordingView.m in Sources */,
				7C506FA11CB74C200037EAED /* SDPhotoBrowser.m in Sources */,
				7C30B1941C996137001EF237 /* FacesView.m in Sources */,
				7C4CFE711CBF40AF00562786 /* QYChatCell.m in Sources */,
				7C30B18C1C996137001EF237 /* QYChatVC.m in Sources */,
				581245FD1CCF53BD00C064D4 /* QYAccountInfoController.m in Sources */,
				7CF8139B1CB1435F00CC79E8 /* QYPaopaoView.m in Sources */,
				7CFF65981CAA60E30068987A /* QYCurrentAnnotationView.m in Sources */,
				7CFF65921CAA5F160068987A /* QYCurrentAnnotation.m in Sources */,
				7C54E7C11CB5F32400A289A5 /* QYVerifyCodeBtn.m in Sources */,
				7C45F90F1CCA02AE00F188E0 /* QYPhotoBrowserCell.m in Sources */,
				7C4BB3B11CA8CD2500136C75 /* QYMapAddrCell.m in Sources */,
				7C30B18F1C996137001EF237 /* QYChatManager.m in Sources */,
				581245F51CCF47FF00C064D4 /* QYProfileController.m in Sources */,
			);
			runOnlyForDeploymentPostprocessing = 0;
		};
/* End PBXSourcesBuildPhase section */

/* Begin PBXVariantGroup section */
		7C30B15A1C995E2A001EF237 /* LaunchScreen.storyboard */ = {
			isa = PBXVariantGroup;
			children = (
				7C30B15B1C995E2A001EF237 /* Base */,
			);
			name = LaunchScreen.storyboard;
			sourceTree = "<group>";
		};
/* End PBXVariantGroup section */

/* Begin XCBuildConfiguration section */
		7C30B15E1C995E2A001EF237 /* Debug */ = {
			isa = XCBuildConfiguration;
			buildSettings = {
				ALWAYS_SEARCH_USER_PATHS = NO;
				CLANG_CXX_LANGUAGE_STANDARD = "gnu++0x";
				CLANG_CXX_LIBRARY = "libc++";
				CLANG_ENABLE_MODULES = YES;
				CLANG_ENABLE_OBJC_ARC = YES;
				CLANG_WARN_BOOL_CONVERSION = YES;
				CLANG_WARN_CONSTANT_CONVERSION = YES;
				CLANG_WARN_DIRECT_OBJC_ISA_USAGE = YES_ERROR;
				CLANG_WARN_EMPTY_BODY = YES;
				CLANG_WARN_ENUM_CONVERSION = YES;
				CLANG_WARN_INT_CONVERSION = YES;
				CLANG_WARN_OBJC_ROOT_CLASS = YES_ERROR;
				CLANG_WARN_UNREACHABLE_CODE = YES;
				CLANG_WARN__DUPLICATE_METHOD_MATCH = YES;
				"CODE_SIGN_IDENTITY[sdk=iphoneos*]" = "iPhone Developer";
				COPY_PHASE_STRIP = NO;
				DEBUG_INFORMATION_FORMAT = dwarf;
				ENABLE_STRICT_OBJC_MSGSEND = YES;
				ENABLE_TESTABILITY = YES;
				GCC_C_LANGUAGE_STANDARD = gnu99;
				GCC_DYNAMIC_NO_PIC = NO;
				GCC_NO_COMMON_BLOCKS = YES;
				GCC_OPTIMIZATION_LEVEL = 0;
				GCC_PREPROCESSOR_DEFINITIONS = (
					"DEBUG=1",
					"$(inherited)",
				);
				GCC_WARN_64_TO_32_BIT_CONVERSION = YES;
				GCC_WARN_ABOUT_RETURN_TYPE = YES_ERROR;
				GCC_WARN_UNDECLARED_SELECTOR = YES;
				GCC_WARN_UNINITIALIZED_AUTOS = YES_AGGRESSIVE;
				GCC_WARN_UNUSED_FUNCTION = YES;
				GCC_WARN_UNUSED_VARIABLE = YES;
				IPHONEOS_DEPLOYMENT_TARGET = 9.2;
				MTL_ENABLE_DEBUG_INFO = YES;
				ONLY_ACTIVE_ARCH = YES;
				SDKROOT = iphoneos;
			};
			name = Debug;
		};
		7C30B15F1C995E2A001EF237 /* Release */ = {
			isa = XCBuildConfiguration;
			buildSettings = {
				ALWAYS_SEARCH_USER_PATHS = NO;
				CLANG_CXX_LANGUAGE_STANDARD = "gnu++0x";
				CLANG_CXX_LIBRARY = "libc++";
				CLANG_ENABLE_MODULES = YES;
				CLANG_ENABLE_OBJC_ARC = YES;
				CLANG_WARN_BOOL_CONVERSION = YES;
				CLANG_WARN_CONSTANT_CONVERSION = YES;
				CLANG_WARN_DIRECT_OBJC_ISA_USAGE = YES_ERROR;
				CLANG_WARN_EMPTY_BODY = YES;
				CLANG_WARN_ENUM_CONVERSION = YES;
				CLANG_WARN_INT_CONVERSION = YES;
				CLANG_WARN_OBJC_ROOT_CLASS = YES_ERROR;
				CLANG_WARN_UNREACHABLE_CODE = YES;
				CLANG_WARN__DUPLICATE_METHOD_MATCH = YES;
				"CODE_SIGN_IDENTITY[sdk=iphoneos*]" = "iPhone Developer";
				COPY_PHASE_STRIP = NO;
				DEBUG_INFORMATION_FORMAT = "dwarf-with-dsym";
				ENABLE_NS_ASSERTIONS = NO;
				ENABLE_STRICT_OBJC_MSGSEND = YES;
				GCC_C_LANGUAGE_STANDARD = gnu99;
				GCC_NO_COMMON_BLOCKS = YES;
				GCC_WARN_64_TO_32_BIT_CONVERSION = YES;
				GCC_WARN_ABOUT_RETURN_TYPE = YES_ERROR;
				GCC_WARN_UNDECLARED_SELECTOR = YES;
				GCC_WARN_UNINITIALIZED_AUTOS = YES_AGGRESSIVE;
				GCC_WARN_UNUSED_FUNCTION = YES;
				GCC_WARN_UNUSED_VARIABLE = YES;
				IPHONEOS_DEPLOYMENT_TARGET = 9.2;
				MTL_ENABLE_DEBUG_INFO = NO;
				SDKROOT = iphoneos;
				VALIDATE_PRODUCT = YES;
			};
			name = Release;
		};
		7C30B1611C995E2A001EF237 /* Debug */ = {
			isa = XCBuildConfiguration;
			baseConfigurationReference = 53F2D9EEBB9BCB33D6F01085 /* Pods-约吧.debug.xcconfig */;
			buildSettings = {
				ASSETCATALOG_COMPILER_APPICON_NAME = AppIcon;
				CODE_SIGN_IDENTITY = "iPhone Developer";
				GCC_PRECOMPILE_PREFIX_HEADER = YES;
				GCC_PREFIX_HEADER = "约吧/Common/PrefixHeader.pch";
				INFOPLIST_FILE = "约吧/Info.plist";
				LD_RUNPATH_SEARCH_PATHS = "$(inherited) @executable_path/Frameworks";
				PRECOMPS_INCLUDE_HEADERS_FROM_BUILT_PRODUCTS_DIR = YES;
				PRODUCT_BUNDLE_IDENTIFIER = hnqingyun.yueba;
				PRODUCT_NAME = "$(TARGET_NAME)";
			};
			name = Debug;
		};
		7C30B1621C995E2A001EF237 /* Release */ = {
			isa = XCBuildConfiguration;
			baseConfigurationReference = C4B4DDE55AD1823E540511F1 /* Pods-约吧.release.xcconfig */;
			buildSettings = {
				ASSETCATALOG_COMPILER_APPICON_NAME = AppIcon;
				CODE_SIGN_IDENTITY = "iPhone Developer";
				GCC_PRECOMPILE_PREFIX_HEADER = YES;
				GCC_PREFIX_HEADER = "约吧/Common/PrefixHeader.pch";
				INFOPLIST_FILE = "约吧/Info.plist";
				LD_RUNPATH_SEARCH_PATHS = "$(inherited) @executable_path/Frameworks";
				PRECOMPS_INCLUDE_HEADERS_FROM_BUILT_PRODUCTS_DIR = YES;
				PRODUCT_BUNDLE_IDENTIFIER = hnqingyun.yueba;
				PRODUCT_NAME = "$(TARGET_NAME)";
			};
			name = Release;
		};
/* End XCBuildConfiguration section */

/* Begin XCConfigurationList section */
		7C30B1441C995E29001EF237 /* Build configuration list for PBXProject "约吧" */ = {
			isa = XCConfigurationList;
			buildConfigurations = (
				7C30B15E1C995E2A001EF237 /* Debug */,
				7C30B15F1C995E2A001EF237 /* Release */,
			);
			defaultConfigurationIsVisible = 0;
			defaultConfigurationName = Release;
		};
		7C30B1601C995E2A001EF237 /* Build configuration list for PBXNativeTarget "约吧" */ = {
			isa = XCConfigurationList;
			buildConfigurations = (
				7C30B1611C995E2A001EF237 /* Debug */,
				7C30B1621C995E2A001EF237 /* Release */,
			);
			defaultConfigurationIsVisible = 0;
			defaultConfigurationName = Release;
		};
/* End XCConfigurationList section */
	};
	rootObject = 7C30B1411C995E29001EF237 /* Project object */;
}
